
Microsoft Visual Studio Solution File, Format Version 12.00
# Visual Studio Version 16
VisualStudioVersion = 16.0.31205.134
MinimumVisualStudioVersion = 10.0.40219.1
Project("{9A19103F-16F7-4668-BE54-9A1E7A4F7556}") = "Homework1", "Homework1\Homework1.csproj", "{A753AB5A-E59D-4E46-9F80-13F7C844F389}"
EndProject
Project("{9A19103F-16F7-4668-BE54-9A1E7A4F7556}") = "Homework2", "Homework2\Homework2.csproj", "{D0D43AD2-DD00-4D31-8D84-1FD0796FFA05}"
EndProject
Global
	GlobalSection(SolutionConfigurationPlatforms) = preSolution
		Debug|Any CPU = Debug|Any CPU
		Release|Any CPU = Release|Any CPU
	EndGlobalSection
	GlobalSection(ProjectConfigurationPlatforms) = postSolution
		{A753AB5A-E59D-4E46-9F80-13F7C844F389}.Debug|Any CPU.ActiveCfg = Debug|Any CPU
		{A753AB5A-E59D-4E46-9F80-13F7C844F389}.Debug|Any CPU.Build.0 = Debug|Any CPU
		{A753AB5A-E59D-4E46-9F80-13F7C844F389}.Release|Any CPU.ActiveCfg = Release|Any CPU
		{A753AB5A-E59D-4E46-9F80-13F7C844F389}.Release|Any CPU.Build.0 = Release|Any CPU
		{D0D43AD2-DD00-4D31-8D84-1FD0796FFA05}.Debug|Any CPU.ActiveCfg = Debug|Any CPU
		{D0D43AD2-DD00-4D31-8D84-1FD0796FFA05}.Debug|Any CPU.Build.0 = Debug|Any CPU
		{D0D43AD2-DD00-4D31-8D84-1FD0796FFA05}.Release|Any CPU.ActiveCfg = Release|Any CPU
		{D0D43AD2-DD00-4D31-8D84-1FD0796FFA05}.Release|Any CPU.Build.0 = Release|Any CPU
	EndGlobalSection
	GlobalSection(SolutionProperties) = preSolution
		HideSolutionNode = FALSE
	EndGlobalSection
	GlobalSection(ExtensibilityGlobals) = postSolution
		SolutionGuid = {0178540F-7F3C-4BFE-820E-21B4A1B3AF3A}
	EndGlobalSection
EndGlobal
