
Microsoft Visual Studio Solution File, Format Version 12.00
# Visual Studio Version 16
VisualStudioVersion = 16.0.31205.134
MinimumVisualStudioVersion = 10.0.40219.1
Project("{FAE04EC0-301F-11D3-BF4B-00C04F79EFBC}") = "HelloWorld", "HelloWorld.csproj", "{047A6EB0-9D3F-48F9-B4DB-12AAD94EE373}"
EndProject
Global
	GlobalSection(SolutionConfigurationPlatforms) = preSolution
		Debug|Any CPU = Debug|Any CPU
		Release|Any CPU = Release|Any CPU
	EndGlobalSection
	GlobalSection(ProjectConfigurationPlatforms) = postSolution
		{047A6EB0-9D3F-48F9-B4DB-12AAD94EE373}.Debug|Any CPU.ActiveCfg = Debug|Any CPU
		{047A6EB0-9D3F-48F9-B4DB-12AAD94EE373}.Debug|Any CPU.Build.0 = Debug|Any CPU
		{047A6EB0-9D3F-48F9-B4DB-12AAD94EE373}.Release|Any CPU.ActiveCfg = Release|Any CPU
		{047A6EB0-9D3F-48F9-B4DB-12AAD94EE373}.Release|Any CPU.Build.0 = Release|Any CPU
	EndGlobalSection
	GlobalSection(SolutionProperties) = preSolution
		HideSolutionNode = FALSE
	EndGlobalSection
	GlobalSection(ExtensibilityGlobals) = postSolution
		SolutionGuid = {828A9EA9-8C04-4D42-ACD4-FD61B04F3875}
	EndGlobalSection
EndGlobal
