
Microsoft Visual Studio Solution File, Format Version 12.00
# Visual Studio Version 16
VisualStudioVersion = 16.0.31205.134
MinimumVisualStudioVersion = 10.0.40219.1
Project("{9A19103F-16F7-4668-BE54-9A1E7A4F7556}") = "Homework1", "Homework1\Homework1.csproj", "{A753AB5A-E59D-4E46-9F80-13F7C844F389}"
EndProject
Project("{9A19103F-16F7-4668-BE54-9A1E7A4F7556}") = "Homework2", "Homework2\Homework2.csproj", "{D0D43AD2-DD00-4D31-8D84-1FD0796FFA05}"
EndProject
Project("{9A19103F-16F7-4668-BE54-9A1E7A4F7556}") = "Homework3", "Homework3\Homework3.csproj", "{2A7C4B4B-C960-49A4-907D-9F38C1EA919D}"
EndProject
Project("{9A19103F-16F7-4668-BE54-9A1E7A4F7556}") = "Homework4", "Homework4\Homework4.csproj", "{68CBE375-8D19-4FE5-8476-C1D829895922}"
EndProject
Project("{9A19103F-16F7-4668-BE54-9A1E7A4F7556}") = "HelloWorld", "HelloWorld\HelloWorld.csproj", "{80F80D56-2BF4-4531-AA50-06AF7733EBD2}"
EndProject
Project("{FAE04EC0-301F-11D3-BF4B-00C04F79EFBC}") = "Homework5", "Homework5\Homework5.csproj", "{23256C61-E7E6-4EA5-A6F1-6F3BCECCC66F}"
EndProject
Global
	GlobalSection(SolutionConfigurationPlatforms) = preSolution
		Debug|Any CPU = Debug|Any CPU
		Release|Any CPU = Release|Any CPU
	EndGlobalSection
	GlobalSection(ProjectConfigurationPlatforms) = postSolution
		{A753AB5A-E59D-4E46-9F80-13F7C844F389}.Debug|Any CPU.ActiveCfg = Debug|Any CPU
		{A753AB5A-E59D-4E46-9F80-13F7C844F389}.Debug|Any CPU.Build.0 = Debug|Any CPU
		{A753AB5A-E59D-4E46-9F80-13F7C844F389}.Release|Any CPU.ActiveCfg = Release|Any CPU
		{A753AB5A-E59D-4E46-9F80-13F7C844F389}.Release|Any CPU.Build.0 = Release|Any CPU
		{D0D43AD2-DD00-4D31-8D84-1FD0796FFA05}.Debug|Any CPU.ActiveCfg = Debug|Any CPU
		{D0D43AD2-DD00-4D31-8D84-1FD0796FFA05}.Debug|Any CPU.Build.0 = Debug|Any CPU
		{D0D43AD2-DD00-4D31-8D84-1FD0796FFA05}.Release|Any CPU.ActiveCfg = Release|Any CPU
		{D0D43AD2-DD00-4D31-8D84-1FD0796FFA05}.Release|Any CPU.Build.0 = Release|Any CPU
		{2A7C4B4B-C960-49A4-907D-9F38C1EA919D}.Debug|Any CPU.ActiveCfg = Debug|Any CPU
		{2A7C4B4B-C960-49A4-907D-9F38C1EA919D}.Debug|Any CPU.Build.0 = Debug|Any CPU
		{2A7C4B4B-C960-49A4-907D-9F38C1EA919D}.Release|Any CPU.ActiveCfg = Release|Any CPU
		{2A7C4B4B-C960-49A4-907D-9F38C1EA919D}.Release|Any CPU.Build.0 = Release|Any CPU
		{68CBE375-8D19-4FE5-8476-C1D829895922}.Debug|Any CPU.ActiveCfg = Debug|Any CPU
		{68CBE375-8D19-4FE5-8476-C1D829895922}.Debug|Any CPU.Build.0 = Debug|Any CPU
		{68CBE375-8D19-4FE5-8476-C1D829895922}.Release|Any CPU.ActiveCfg = Release|Any CPU
		{68CBE375-8D19-4FE5-8476-C1D829895922}.Release|Any CPU.Build.0 = Release|Any CPU
		{80F80D56-2BF4-4531-AA50-06AF7733EBD2}.Debug|Any CPU.ActiveCfg = Debug|Any CPU
		{80F80D56-2BF4-4531-AA50-06AF7733EBD2}.Debug|Any CPU.Build.0 = Debug|Any CPU
		{80F80D56-2BF4-4531-AA50-06AF7733EBD2}.Release|Any CPU.ActiveCfg = Release|Any CPU
		{80F80D56-2BF4-4531-AA50-06AF7733EBD2}.Release|Any CPU.Build.0 = Release|Any CPU
		{23256C61-E7E6-4EA5-A6F1-6F3BCECCC66F}.Debug|Any CPU.ActiveCfg = Debug|Any CPU
		{23256C61-E7E6-4EA5-A6F1-6F3BCECCC66F}.Debug|Any CPU.Build.0 = Debug|Any CPU
		{23256C61-E7E6-4EA5-A6F1-6F3BCECCC66F}.Release|Any CPU.ActiveCfg = Release|Any CPU
		{23256C61-E7E6-4EA5-A6F1-6F3BCECCC66F}.Release|Any CPU.Build.0 = Release|Any CPU
	EndGlobalSection
	GlobalSection(SolutionProperties) = preSolution
		HideSolutionNode = FALSE
	EndGlobalSection
	GlobalSection(ExtensibilityGlobals) = postSolution
		SolutionGuid = {0178540F-7F3C-4BFE-820E-21B4A1B3AF3A}
	EndGlobalSection
EndGlobal
